{
  "pins" : [
    {
      "identity" : "git-pont",
      "kind" : "remoteSourceControl",
      "location" : "https://github.com/silvandiepen/git-pont.git",
      "state" : {
        "branch" : "codex/initial-git-pont-monorepo",
        "revision" : "74caf328b524edb5bff825fa759bb1dcf4846e01"
      }
    },
    {
      "identity" : "yams",
      "kind" : "remoteSourceControl",
      "location" : "https://github.com/jpsim/Yams.git",
      "state" : {
        "revision" : "3d6871d5b4a5cd519adf233fbb576e0a2af71c17",
        "version" : "5.4.0"
      }
    }
  ],
  "version" : 2
}
